{
  "requires": true,
  "lockfileVersion": 1,
  "dependencies": {
    "libj-iransans": {
      "version": "1.3.0",
      "resolved": "https://registry.npmjs.org/libj-iransans/-/libj-iransans-1.3.0.tgz",
      "integrity": "sha512-xIENkpCoL3Ple5O3ufAW3X4kbyN2ZcB+owo1/rHAo96HfxgFnyZrb588agQ9RAK6KfzGF/vsKeeur87hFoY3xA=="
    }
  }
}
